
Microsoft Visual Studio Solution File, Format Version 11.00
# Visual Studio 2010
Project("{8BC9CEB8-8B4A-11D0-8D11-00A0C91BC942}") = "PinVMShield", "PinVMShield\PinVMShield.vcxproj", "{BED19190-624B-4792-A2A9-99D3B4F5920F}"
EndProject
Global
	GlobalSection(SolutionConfigurationPlatforms) = preSolution
		Debug|Win32 = Debug|Win32
		Release|Win32 = Release|Win32
	EndGlobalSection
	GlobalSection(ProjectConfigurationPlatforms) = postSolution
		{BED19190-624B-4792-A2A9-99D3B4F5920F}.Debug|Win32.ActiveCfg = Debug|Win32
		{BED19190-624B-4792-A2A9-99D3B4F5920F}.Debug|Win32.Build.0 = Debug|Win32
		{BED19190-624B-4792-A2A9-99D3B4F5920F}.Release|Win32.ActiveCfg = Release|Win32
		{BED19190-624B-4792-A2A9-99D3B4F5920F}.Release|Win32.Build.0 = Release|Win32
	EndGlobalSection
	GlobalSection(SolutionProperties) = preSolution
		HideSolutionNode = FALSE
	EndGlobalSection
EndGlobal
